// !$*UTF8*$!
{
	archiveVersion = 1;
	classes = {
	};
	objectVersion = 50;
	objects = {

/* Begin PBXBuildFile section */
		4901D6D2209D5735009515C3 /* AppDelegate.swift in Sources */ = {isa = PBXBuildFile; fileRef = 4901D6D1209D5735009515C3 /* AppDelegate.swift */; };
		4901D6D4209D5735009515C3 /* ViewController.swift in Sources */ = {isa = PBXBuildFile; fileRef = 4901D6D3209D5735009515C3 /* ViewController.swift */; };
		4901D6D7209D5735009515C3 /* Main.storyboard in Resources */ = {isa = PBXBuildFile; fileRef = 4901D6D5209D5735009515C3 /* Main.storyboard */; };
		4901D6D9209D5737009515C3 /* Assets.xcassets in Resources */ = {isa = PBXBuildFile; fileRef = 4901D6D8209D5737009515C3 /* Assets.xcassets */; };
		4901D6DC209D5737009515C3 /* LaunchScreen.storyboard in Resources */ = {isa = PBXBuildFile; fileRef = 4901D6DA209D5737009515C3 /* LaunchScreen.storyboard */; };
		4901D6E7209D5737009515C3 /* CircleAnimationTests.swift in Sources */ = {isa = PBXBuildFile; fileRef = 4901D6E6209D5737009515C3 /* CircleAnimationTests.swift */; };
		4901D6F2209D5737009515C3 /* CircleAnimationUITests.swift in Sources */ = {isa = PBXBuildFile; fileRef = 4901D6F1209D5737009515C3 /* CircleAnimationUITests.swift */; };
/* End PBXBuildFile section */

/* Begin PBXContainerItemProxy section */
		4901D6E3209D5737009515C3 /* PBXContainerItemProxy */ = {
			isa = PBXContainerItemProxy;
			containerPortal = 4901D6C6209D5735009515C3 /* Project object */;
			proxyType = 1;
			remoteGlobalIDString = 4901D6CD209D5735009515C3;
			remoteInfo = CircleAnimation;
		};
		4901D6EE209D5737009515C3 /* PBXContainerItemProxy */ = {
			isa = PBXContainerItemProxy;
			containerPortal = 4901D6C6209D5735009515C3 /* Project object */;
			proxyType = 1;
			remoteGlobalIDString = 4901D6CD209D5735009515C3;
			remoteInfo = CircleAnimation;
		};
/* End PBXContainerItemProxy section */

/* Begin PBXFileReference section */
		4901D6CE209D5735009515C3 /* CircleAnimation.app */ = {isa = PBXFileReference; explicitFileType = wrapper.application; includeInIndex = 0; path = CircleAnimation.app; sourceTree = BUILT_PRODUCTS_DIR; };
		4901D6D1209D5735009515C3 /* AppDelegate.swift */ = {isa = PBXFileReference; lastKnownFileType = sourcecode.swift; path = AppDelegate.swift; sourceTree = "<group>"; };
		4901D6D3209D5735009515C3 /* ViewController.swift */ = {isa = PBXFileReference; lastKnownFileType = sourcecode.swift; path = ViewController.swift; sourceTree = "<group>"; };
		4901D6D6209D5735009515C3 /* Base */ = {isa = PBXFileReference; lastKnownFileType = file.storyboard; name = Base; path = Base.lproj/Main.storyboard; sourceTree = "<group>"; };
		4901D6D8209D5737009515C3 /* Assets.xcassets */ = {isa = PBXFileReference; lastKnownFileType = folder.assetcatalog; path = Assets.xcassets; sourceTree = "<group>"; };
		4901D6DB209D5737009515C3 /* Base */ = {isa = PBXFileReference; lastKnownFileType = file.storyboard; name = Base; path = Base.lproj/LaunchScreen.storyboard; sourceTree = "<group>"; };
		4901D6DD209D5737009515C3 /* Info.plist */ = {isa = PBXFileReference; lastKnownFileType = text.plist.xml; path = Info.plist; sourceTree = "<group>"; };
		4901D6E2209D5737009515C3 /* CircleAnimationTests.xctest */ = {isa = PBXFileReference; explicitFileType = wrapper.cfbundle; includeInIndex = 0; path = CircleAnimationTests.xctest; sourceTree = BUILT_PRODUCTS_DIR; };
		4901D6E6209D5737009515C3 /* CircleAnimationTests.swift */ = {isa = PBXFileReference; lastKnownFileType = sourcecode.swift; path = CircleAnimationTests.swift; sourceTree = "<group>"; };
		4901D6E8209D5737009515C3 /* Info.plist */ = {isa = PBXFileReference; lastKnownFileType = text.plist.xml; path = Info.plist; sourceTree = "<group>"; };
		4901D6ED209D5737009515C3 /* CircleAnimationUITests.xctest */ = {isa = PBXFileReference; explicitFileType = wrapper.cfbundle; includeInIndex = 0; path = CircleAnimationUITests.xctest; sourceTree = BUILT_PRODUCTS_DIR; };
		4901D6F1209D5737009515C3 /* CircleAnimationUITests.swift */ = {isa = PBXFileReference; lastKnownFileType = sourcecode.swift; path = CircleAnimationUITests.swift; sourceTree = "<group>"; };
		4901D6F3209D5737009515C3 /* Info.plist */ = {isa = PBXFileReference; lastKnownFileType = text.plist.xml; path = Info.plist; sourceTree = "<group>"; };
/* End PBXFileReference section */

/* Begin PBXFrameworksBuildPhase section */
		4901D6CB209D5735009515C3 /* Frameworks */ = {
			isa = PBXFrameworksBuildPhase;
			buildActionMask = 2147483647;
			files = (
			);
			runOnlyForDeploymentPostprocessing = 0;
		};
		4901D6DF209D5737009515C3 /* Frameworks */ = {
			isa = PBXFrameworksBuildPhase;
			buildActionMask = 2147483647;
			files = (
			);
			runOnlyForDeploymentPostprocessing = 0;
		};
		4901D6EA209D5737009515C3 /* Frameworks */ = {
			isa = PBXFrameworksBuildPhase;
			buildActionMask = 2147483647;
			files = (
			);
			runOnlyForDeploymentPostprocessing = 0;
		};
/* End PBXFrameworksBuildPhase section */

/* Begin PBXGroup section */
		4901D6C5209D5735009515C3 = {
			isa = PBXGroup;
			children = (
				4901D6D0209D5735009515C3 /* CircleAnimation */,
				4901D6E5209D5737009515C3 /* CircleAnimationTests */,
				4901D6F0209D5737009515C3 /* CircleAnimationUITests */,
				4901D6CF209D5735009515C3 /* Products */,
			);
			sourceTree = "<group>";
		};
		4901D6CF209D5735009515C3 /* Products */ = {
			isa = PBXGroup;
			children = (
				4901D6CE209D5735009515C3 /* CircleAnimation.app */,
				4901D6E2209D5737009515C3 /* CircleAnimationTests.xctest */,
				4901D6ED209D5737009515C3 /* CircleAnimationUITests.xctest */,
			);
			name = Products;
			sourceTree = "<group>";
		};
		4901D6D0209D5735009515C3 /* CircleAnimation */ = {
			isa = PBXGroup;
			children = (
				4901D6D1209D5735009515C3 /* AppDelegate.swift */,
				4901D6D3209D5735009515C3 /* ViewController.swift */,
				4901D6D5209D5735009515C3 /* Main.storyboard */,
				4901D6D8209D5737009515C3 /* Assets.xcassets */,
				4901D6DA209D5737009515C3 /* LaunchScreen.storyboard */,
				4901D6DD209D5737009515C3 /* Info.plist */,
			);
			path = CircleAnimation;
			sourceTree = "<group>";
		};
		4901D6E5209D5737009515C3 /* CircleAnimationTests */ = {
			isa = PBXGroup;
			children = (
				4901D6E6209D5737009515C3 /* CircleAnimationTests.swift */,
				4901D6E8209D5737009515C3 /* Info.plist */,
			);
			path = CircleAnimationTests;
			sourceTree = "<group>";
		};
		4901D6F0209D5737009515C3 /* CircleAnimationUITests */ = {
			isa = PBXGroup;
			children = (
				4901D6F1209D5737009515C3 /* CircleAnimationUITests.swift */,
				4901D6F3209D5737009515C3 /* Info.plist */,
			);
			path = CircleAnimationUITests;
			sourceTree = "<group>";
		};
/* End PBXGroup section */

/* Begin PBXNativeTarget section */
		4901D6CD209D5735009515C3 /* CircleAnimation */ = {
			isa = PBXNativeTarget;
			buildConfigurationList = 4901D6F6209D5737009515C3 /* Build configuration list for PBXNativeTarget "CircleAnimation" */;
			buildPhases = (
				4901D6CA209D5735009515C3 /* Sources */,
				4901D6CB209D5735009515C3 /* Frameworks */,
				4901D6CC209D5735009515C3 /* Resources */,
			);
			buildRules = (
			);
			dependencies = (
			);
			name = CircleAnimation;
			productName = CircleAnimation;
			productReference = 4901D6CE209D5735009515C3 /* CircleAnimation.app */;
			productType = "com.apple.product-type.application";
		};
		4901D6E1209D5737009515C3 /* CircleAnimationTests */ = {
			isa = PBXNativeTarget;
			buildConfigurationList = 4901D6F9209D5737009515C3 /* Build configuration list for PBXNativeTarget "CircleAnimationTests" */;
			buildPhases = (
				4901D6DE209D5737009515C3 /* Sources */,
				4901D6DF209D5737009515C3 /* Frameworks */,
				4901D6E0209D5737009515C3 /* Resources */,
			);
			buildRules = (
			);
			dependencies = (
				4901D6E4209D5737009515C3 /* PBXTargetDependency */,
			);
			name = CircleAnimationTests;
			productName = CircleAnimationTests;
			productReference = 4901D6E2209D5737009515C3 /* CircleAnimationTests.xctest */;
			productType = "com.apple.product-type.bundle.unit-test";
		};
		4901D6EC209D5737009515C3 /* CircleAnimationUITests */ = {
			isa = PBXNativeTarget;
			buildConfigurationList = 4901D6FC209D5737009515C3 /* Build configuration list for PBXNativeTarget "CircleAnimationUITests" */;
			buildPhases = (
				4901D6E9209D5737009515C3 /* Sources */,
				4901D6EA209D5737009515C3 /* Frameworks */,
				4901D6EB209D5737009515C3 /* Resources */,
			);
			buildRules = (
			);
			dependencies = (
				4901D6EF209D5737009515C3 /* PBXTargetDependency */,
			);
			name = CircleAnimationUITests;
			productName = CircleAnimationUITests;
			productReference = 4901D6ED209D5737009515C3 /* CircleAnimationUITests.xctest */;
			productType = "com.apple.product-type.bundle.ui-testing";
		};
/* End PBXNativeTarget section */

/* Begin PBXProject section */
		4901D6C6209D5735009515C3 /* Project object */ = {
			isa = PBXProject;
			attributes = {
				LastSwiftUpdateCheck = 0930;
				LastUpgradeCheck = 0930;
				ORGANIZATIONNAME = ls;
				TargetAttributes = {
					4901D6CD209D5735009515C3 = {
						CreatedOnToolsVersion = 9.3;
					};
					4901D6E1209D5737009515C3 = {
						CreatedOnToolsVersion = 9.3;
						TestTargetID = 4901D6CD209D5735009515C3;
					};
					4901D6EC209D5737009515C3 = {
						CreatedOnToolsVersion = 9.3;
						TestTargetID = 4901D6CD209D5735009515C3;
					};
				};
			};
			buildConfigurationList = 4901D6C9209D5735009515C3 /* Build configuration list for PBXProject "CircleAnimation" */;
			compatibilityVersion = "Xcode 9.3";
			developmentRegion = en;
			hasScannedForEncodings = 0;
			knownRegions = (
				en,
				Base,
			);
			mainGroup = 4901D6C5209D5735009515C3;
			productRefGroup = 4901D6CF209D5735009515C3 /* Products */;
			projectDirPath = "";
			projectRoot = "";
			targets = (
				4901D6CD209D5735009515C3 /* CircleAnimation */,
				4901D6E1209D5737009515C3 /* CircleAnimationTests */,
				4901D6EC209D5737009515C3 /* CircleAnimationUITests */,
			);
		};
/* End PBXProject section */

/* Begin PBXResourcesBuildPhase section */
		4901D6CC209D5735009515C3 /* Resources */ = {
			isa = PBXResourcesBuildPhase;
			buildActionMask = 2147483647;
			files = (
				4901D6DC209D5737009515C3 /* LaunchScreen.storyboard in Resources */,
				4901D6D9209D5737009515C3 /* Assets.xcassets in Resources */,
				4901D6D7209D5735009515C3 /* Main.storyboard in Resources */,
			);
			runOnlyForDeploymentPostprocessing = 0;
		};
		4901D6E0209D5737009515C3 /* Resources */ = {
			isa = PBXResourcesBuildPhase;
			buildActionMask = 2147483647;
			files = (
			);
			runOnlyForDeploymentPostprocessing = 0;
		};
		4901D6EB209D5737009515C3 /* Resources */ = {
			isa = PBXResourcesBuildPhase;
			buildActionMask = 2147483647;
			files = (
			);
			runOnlyForDeploymentPostprocessing = 0;
		};
/* End PBXResourcesBuildPhase section */

/* Begin PBXSourcesBuildPhase section */
		4901D6CA209D5735009515C3 /* Sources */ = {
			isa = PBXSourcesBuildPhase;
			buildActionMask = 2147483647;
			files = (
				4901D6D4209D5735009515C3 /* ViewController.swift in Sources */,
				4901D6D2209D5735009515C3 /* AppDelegate.swift in Sources */,
			);
			runOnlyForDeploymentPostprocessing = 0;
		};
		4901D6DE209D5737009515C3 /* Sources */ = {
			isa = PBXSourcesBuildPhase;
			buildActionMask = 2147483647;
			files = (
				4901D6E7209D5737009515C3 /* CircleAnimationTests.swift in Sources */,
			);
			runOnlyForDeploymentPostprocessing = 0;
		};
		4901D6E9209D5737009515C3 /* Sources */ = {
			isa = PBXSourcesBuildPhase;
			buildActionMask = 2147483647;
			files = (
				4901D6F2209D5737009515C3 /* CircleAnimationUITests.swift in Sources */,
			);
			runOnlyForDeploymentPostprocessing = 0;
		};
/* End PBXSourcesBuildPhase section */

/* Begin PBXTargetDependency section */
		4901D6E4209D5737009515C3 /* PBXTargetDependency */ = {
			isa = PBXTargetDependency;
			target = 4901D6CD209D5735009515C3 /* CircleAnimation */;
			targetProxy = 4901D6E3209D5737009515C3 /* PBXContainerItemProxy */;
		};
		4901D6EF209D5737009515C3 /* PBXTargetDependency */ = {
			isa = PBXTargetDependency;
			target = 4901D6CD209D5735009515C3 /* CircleAnimation */;
			targetProxy = 4901D6EE209D5737009515C3 /* PBXContainerItemProxy */;
		};
/* End PBXTargetDependency section */

/* Begin PBXVariantGroup section */
		4901D6D5209D5735009515C3 /* Main.storyboard */ = {
			isa = PBXVariantGroup;
			children = (
				4901D6D6209D5735009515C3 /* Base */,
			);
			name = Main.storyboard;
			sourceTree = "<group>";
		};
		4901D6DA209D5737009515C3 /* LaunchScreen.storyboard */ = {
			isa = PBXVariantGroup;
			children = (
				4901D6DB209D5737009515C3 /* Base */,
			);
			name = LaunchScreen.storyboard;
			sourceTree = "<group>";
		};
/* End PBXVariantGroup section */

/* Begin XCBuildConfiguration section */
		4901D6F4209D5737009515C3 /* Debug */ = {
			isa = XCBuildConfiguration;
			buildSettings = {
				ALWAYS_SEARCH_USER_PATHS = NO;
				CLANG_ANALYZER_NONNULL = YES;
				CLANG_ANALYZER_NUMBER_OBJECT_CONVERSION = YES_AGGRESSIVE;
				CLANG_CXX_LANGUAGE_STANDARD = "gnu++14";
				CLANG_CXX_LIBRARY = "libc++";
				CLANG_ENABLE_MODULES = YES;
				CLANG_ENABLE_OBJC_ARC = YES;
				CLANG_ENABLE_OBJC_WEAK = YES;
				CLANG_WARN_BLOCK_CAPTURE_AUTORELEASING = YES;
				CLANG_WARN_BOOL_CONVERSION = YES;
				CLANG_WARN_COMMA = YES;
				CLANG_WARN_CONSTANT_CONVERSION = YES;
				CLANG_WARN_DEPRECATED_OBJC_IMPLEMENTATIONS = YES;
				CLANG_WARN_DIRECT_OBJC_ISA_USAGE = YES_ERROR;
				CLANG_WARN_DOCUMENTATION_COMMENTS = YES;
				CLANG_WARN_EMPTY_BODY = YES;
				CLANG_WARN_ENUM_CONVERSION = YES;
				CLANG_WARN_INFINITE_RECURSION = YES;
				CLANG_WARN_INT_CONVERSION = YES;
				CLANG_WARN_NON_LITERAL_NULL_CONVERSION = YES;
				CLANG_WARN_OBJC_IMPLICIT_RETAIN_SELF = YES;
				CLANG_WARN_OBJC_LITERAL_CONVERSION = YES;
				CLANG_WARN_OBJC_ROOT_CLASS = YES_ERROR;
				CLANG_WARN_RANGE_LOOP_ANALYSIS = YES;
				CLANG_WARN_STRICT_PROTOTYPES = YES;
				CLANG_WARN_SUSPICIOUS_MOVE = YES;
				CLANG_WARN_UNGUARDED_AVAILABILITY = YES_AGGRESSIVE;
				CLANG_WARN_UNREACHABLE_CODE = YES;
				CLANG_WARN__DUPLICATE_METHOD_MATCH = YES;
				CODE_SIGN_IDENTITY = "iPhone Developer";
				COPY_PHASE_STRIP = NO;
				DEBUG_INFORMATION_FORMAT = dwarf;
				ENABLE_STRICT_OBJC_MSGSEND = YES;
				ENABLE_TESTABILITY = YES;
				GCC_C_LANGUAGE_STANDARD = gnu11;
				GCC_DYNAMIC_NO_PIC = NO;
				GCC_NO_COMMON_BLOCKS = YES;
				GCC_OPTIMIZATION_LEVEL = 0;
				GCC_PREPROCESSOR_DEFINITIONS = (
					"DEBUG=1",
					"$(inherited)",
				);
				GCC_WARN_64_TO_32_BIT_CONVERSION = YES;
				GCC_WARN_ABOUT_RETURN_TYPE = YES_ERROR;
				GCC_WARN_UNDECLARED_SELECTOR = YES;
				GCC_WARN_UNINITIALIZED_AUTOS = YES_AGGRESSIVE;
				GCC_WARN_UNUSED_FUNCTION = YES;
				GCC_WARN_UNUSED_VARIABLE = YES;
				IPHONEOS_DEPLOYMENT_TARGET = 11.3;
				MTL_ENABLE_DEBUG_INFO = YES;
				ONLY_ACTIVE_ARCH = YES;
				SDKROOT = iphoneos;
				SWIFT_ACTIVE_COMPILATION_CONDITIONS = DEBUG;
				SWIFT_OPTIMIZATION_LEVEL = "-Onone";
			};
			name = Debug;
		};
		4901D6F5209D5737009515C3 /* Release */ = {
			isa = XCBuildConfiguration;
			buildSettings = {
				ALWAYS_SEARCH_USER_PATHS = NO;
				CLANG_ANALYZER_NONNULL = YES;
				CLANG_ANALYZER_NUMBER_OBJECT_CONVERSION = YES_AGGRESSIVE;
				CLANG_CXX_LANGUAGE_STANDARD = "gnu++14";
				CLANG_CXX_LIBRARY = "libc++";
				CLANG_ENABLE_MODULES = YES;
				CLANG_ENABLE_OBJC_ARC = YES;
				CLANG_ENABLE_OBJC_WEAK = YES;
				CLANG_WARN_BLOCK_CAPTURE_AUTORELEASING = YES;
				CLANG_WARN_BOOL_CONVERSION = YES;
				CLANG_WARN_COMMA = YES;
				CLANG_WARN_CONSTANT_CONVERSION = YES;
				CLANG_WARN_DEPRECATED_OBJC_IMPLEMENTATIONS = YES;
				CLANG_WARN_DIRECT_OBJC_ISA_USAGE = YES_ERROR;
				CLANG_WARN_DOCUMENTATION_COMMENTS = YES;
				CLANG_WARN_EMPTY_BODY = YES;
				CLANG_WARN_ENUM_CONVERSION = YES;
				CLANG_WARN_INFINITE_RECURSION = YES;
				CLANG_WARN_INT_CONVERSION = YES;
				CLANG_WARN_NON_LITERAL_NULL_CONVERSION = YES;
				CLANG_WARN_OBJC_IMPLICIT_RETAIN_SELF = YES;
				CLANG_WARN_OBJC_LITERAL_CONVERSION = YES;
				CLANG_WARN_OBJC_ROOT_CLASS = YES_ERROR;
				CLANG_WARN_RANGE_LOOP_ANALYSIS = YES;
				CLANG_WARN_STRICT_PROTOTYPES = YES;
				CLANG_WARN_SUSPICIOUS_MOVE = YES;
				CLANG_WARN_UNGUARDED_AVAILABILITY = YES_AGGRESSIVE;
				CLANG_WARN_UNREACHABLE_CODE = YES;
				CLANG_WARN__DUPLICATE_METHOD_MATCH = YES;
				CODE_SIGN_IDENTITY = "iPhone Developer";
				COPY_PHASE_STRIP = NO;
				DEBUG_INFORMATION_FORMAT = "dwarf-with-dsym";
				ENABLE_NS_ASSERTIONS = NO;
				ENABLE_STRICT_OBJC_MSGSEND = YES;
				GCC_C_LANGUAGE_STANDARD = gnu11;
				GCC_NO_COMMON_BLOCKS = YES;
				GCC_WARN_64_TO_32_BIT_CONVERSION = YES;
				GCC_WARN_ABOUT_RETURN_TYPE = YES_ERROR;
				GCC_WARN_UNDECLARED_SELECTOR = YES;
				GCC_WARN_UNINITIALIZED_AUTOS = YES_AGGRESSIVE;
				GCC_WARN_UNUSED_FUNCTION = YES;
				GCC_WARN_UNUSED_VARIABLE = YES;
				IPHONEOS_DEPLOYMENT_TARGET = 11.3;
				MTL_ENABLE_DEBUG_INFO = NO;
				SDKROOT = iphoneos;
				SWIFT_COMPILATION_MODE = wholemodule;
				SWIFT_OPTIMIZATION_LEVEL = "-O";
				VALIDATE_PRODUCT = YES;
			};
			name = Release;
		};
		4901D6F7209D5737009515C3 /* Debug */ = {
			isa = XCBuildConfiguration;
			buildSettings = {
				ASSETCATALOG_COMPILER_APPICON_NAME = AppIcon;
				CODE_SIGN_STYLE = Automatic;
				DEVELOPMENT_TEAM = LM6MM3RLWX;
				INFOPLIST_FILE = CircleAnimation/Info.plist;
				LD_RUNPATH_SEARCH_PATHS = (
					"$(inherited)",
					"@executable_path/Frameworks",
				);
				PRODUCT_BUNDLE_IDENTIFIER = com.CircleAnimation;
				PRODUCT_NAME = "$(TARGET_NAME)";
				SWIFT_VERSION = 4.0;
				TARGETED_DEVICE_FAMILY = "1,2";
			};
			name = Debug;
		};
		4901D6F8209D5737009515C3 /* Release */ = {
			isa = XCBuildConfiguration;
			buildSettings = {
				ASSETCATALOG_COMPILER_APPICON_NAME = AppIcon;
				CODE_SIGN_STYLE = Automatic;
				DEVELOPMENT_TEAM = LM6MM3RLWX;
				INFOPLIST_FILE = CircleAnimation/Info.plist;
				LD_RUNPATH_SEARCH_PATHS = (
					"$(inherited)",
					"@executable_path/Frameworks",
				);
				PRODUCT_BUNDLE_IDENTIFIER = com.CircleAnimation;
				PRODUCT_NAME = "$(TARGET_NAME)";
				SWIFT_VERSION = 4.0;
				TARGETED_DEVICE_FAMILY = "1,2";
			};
			name = Release;
		};
		4901D6FA209D5737009515C3 /* Debug */ = {
			isa = XCBuildConfiguration;
			buildSettings = {
				ALWAYS_EMBED_SWIFT_STANDARD_LIBRARIES = YES;
				BUNDLE_LOADER = "$(TEST_HOST)";
				CODE_SIGN_STYLE = Automatic;
				DEVELOPMENT_TEAM = LM6MM3RLWX;
				INFOPLIST_FILE = CircleAnimationTests/Info.plist;
				LD_RUNPATH_SEARCH_PATHS = (
					"$(inherited)",
					"@executable_path/Frameworks",
					"@loader_path/Frameworks",
				);
				PRODUCT_BUNDLE_IDENTIFIER = com.CircleAnimationTests;
				PRODUCT_NAME = "$(TARGET_NAME)";
				SWIFT_VERSION = 4.0;
				TARGETED_DEVICE_FAMILY = "1,2";
				TEST_HOST = "$(BUILT_PRODUCTS_DIR)/CircleAnimation.app/CircleAnimation";
			};
			name = Debug;
		};
		4901D6FB209D5737009515C3 /* Release */ = {
			isa = XCBuildConfiguration;
			buildSettings = {
				ALWAYS_EMBED_SWIFT_STANDARD_LIBRARIES = YES;
				BUNDLE_LOADER = "$(TEST_HOST)";
				CODE_SIGN_STYLE = Automatic;
				DEVELOPMENT_TEAM = LM6MM3RLWX;
				INFOPLIST_FILE = CircleAnimationTests/Info.plist;
				LD_RUNPATH_SEARCH_PATHS = (
					"$(inherited)",
					"@executable_path/Frameworks",
					"@loader_path/Frameworks",
				);
				PRODUCT_BUNDLE_IDENTIFIER = com.CircleAnimationTests;
				PRODUCT_NAME = "$(TARGET_NAME)";
				SWIFT_VERSION = 4.0;
				TARGETED_DEVICE_FAMILY = "1,2";
				TEST_HOST = "$(BUILT_PRODUCTS_DIR)/CircleAnimation.app/CircleAnimation";
			};
			name = Release;
		};
		4901D6FD209D5737009515C3 /* Debug */ = {
			isa = XCBuildConfiguration;
			buildSettings = {
				ALWAYS_EMBED_SWIFT_STANDARD_LIBRARIES = YES;
				CODE_SIGN_STYLE = Automatic;
				DEVELOPMENT_TEAM = LM6MM3RLWX;
				INFOPLIST_FILE = CircleAnimationUITests/Info.plist;
				LD_RUNPATH_SEARCH_PATHS = (
					"$(inherited)",
					"@executable_path/Frameworks",
					"@loader_path/Frameworks",
				);
				PRODUCT_BUNDLE_IDENTIFIER = com.CircleAnimationUITests;
				PRODUCT_NAME = "$(TARGET_NAME)";
				SWIFT_VERSION = 4.0;
				TARGETED_DEVICE_FAMILY = "1,2";
				TEST_TARGET_NAME = CircleAnimation;
			};
			name = Debug;
		};
		4901D6FE209D5737009515C3 /* Release */ = {
			isa = XCBuildConfiguration;
			buildSettings = {
				ALWAYS_EMBED_SWIFT_STANDARD_LIBRARIES = YES;
				CODE_SIGN_STYLE = Automatic;
				DEVELOPMENT_TEAM = LM6MM3RLWX;
				INFOPLIST_FILE = CircleAnimationUITests/Info.plist;
				LD_RUNPATH_SEARCH_PATHS = (
					"$(inherited)",
					"@executable_path/Frameworks",
					"@loader_path/Frameworks",
				);
				PRODUCT_BUNDLE_IDENTIFIER = com.CircleAnimationUITests;
				PRODUCT_NAME = "$(TARGET_NAME)";
				SWIFT_VERSION = 4.0;
				TARGETED_DEVICE_FAMILY = "1,2";
				TEST_TARGET_NAME = CircleAnimation;
			};
			name = Release;
		};
/* End XCBuildConfiguration section */

/* Begin XCConfigurationList section */
		4901D6C9209D5735009515C3 /* Build configuration list for PBXProject "CircleAnimation" */ = {
			isa = XCConfigurationList;
			buildConfigurations = (
				4901D6F4209D5737009515C3 /* Debug */,
				4901D6F5209D5737009515C3 /* Release */,
			);
			defaultConfigurationIsVisible = 0;
			defaultConfigurationName = Release;
		};
		4901D6F6209D5737009515C3 /* Build configuration list for PBXNativeTarget "CircleAnimation" */ = {
			isa = XCConfigurationList;
			buildConfigurations = (
				4901D6F7209D5737009515C3 /* Debug */,
				4901D6F8209D5737009515C3 /* Release */,
			);
			defaultConfigurationIsVisible = 0;
			defaultConfigurationName = Release;
		};
		4901D6F9209D5737009515C3 /* Build configuration list for PBXNativeTarget "CircleAnimationTests" */ = {
			isa = XCConfigurationList;
			buildConfigurations = (
				4901D6FA209D5737009515C3 /* Debug */,
				4901D6FB209D5737009515C3 /* Release */,
			);
			defaultConfigurationIsVisible = 0;
			defaultConfigurationName = Release;
		};
		4901D6FC209D5737009515C3 /* Build configuration list for PBXNativeTarget "CircleAnimationUITests" */ = {
			isa = XCConfigurationList;
			buildConfigurations = (
				4901D6FD209D5737009515C3 /* Debug */,
				4901D6FE209D5737009515C3 /* Release */,
			);
			defaultConfigurationIsVisible = 0;
			defaultConfigurationName = Release;
		};
/* End XCConfigurationList section */
	};
	rootObject = 4901D6C6209D5735009515C3 /* Project object */;
}
